
Microsoft Visual Studio Solution File, Format Version 12.00
# Visual Studio Version 17
VisualStudioVersion = 17.8.34525.116
MinimumVisualStudioVersion = 10.0.40219.1
Project("{FAE04EC0-301F-11D3-BF4B-00C04F79EFBC}") = "Lmss.Web", "Lmss.Web\Lmss.Web.csproj", "{C2AB0D45-7CB6-471B-945F-E8D82106B81B}"
EndProject
Project("{FAE04EC0-301F-11D3-BF4B-00C04F79EFBC}") = "Lmss.Dataacsess", "Lmss.Dataacsess\Lmss.Dataacsess.csproj", "{B6C0D656-BD5E-474C-8A48-388EE4337CC0}"
EndProject
Project("{FAE04EC0-301F-11D3-BF4B-00C04F79EFBC}") = "Lmss.Models", "Lmss.Models\Lmss.Models.csproj", "{3DAF7D07-89B9-449A-903C-19B7E0DAEE32}"
EndProject
Project("{FAE04EC0-301F-11D3-BF4B-00C04F79EFBC}") = "Lmss.Utilitys", "Lmss.Utilitys\Lmss.Utilitys.csproj", "{2E2606A7-408C-4A82-A74B-9F8790D2E00A}"
EndProject
Global
	GlobalSection(SolutionConfigurationPlatforms) = preSolution
		Debug|Any CPU = Debug|Any CPU
		Release|Any CPU = Release|Any CPU
	EndGlobalSection
	GlobalSection(ProjectConfigurationPlatforms) = postSolution
		{C2AB0D45-7CB6-471B-945F-E8D82106B81B}.Debug|Any CPU.ActiveCfg = Debug|Any CPU
		{C2AB0D45-7CB6-471B-945F-E8D82106B81B}.Debug|Any CPU.Build.0 = Debug|Any CPU
		{C2AB0D45-7CB6-471B-945F-E8D82106B81B}.Release|Any CPU.ActiveCfg = Release|Any CPU
		{C2AB0D45-7CB6-471B-945F-E8D82106B81B}.Release|Any CPU.Build.0 = Release|Any CPU
		{B6C0D656-BD5E-474C-8A48-388EE4337CC0}.Debug|Any CPU.ActiveCfg = Debug|Any CPU
		{B6C0D656-BD5E-474C-8A48-388EE4337CC0}.Debug|Any CPU.Build.0 = Debug|Any CPU
		{B6C0D656-BD5E-474C-8A48-388EE4337CC0}.Release|Any CPU.ActiveCfg = Release|Any CPU
		{B6C0D656-BD5E-474C-8A48-388EE4337CC0}.Release|Any CPU.Build.0 = Release|Any CPU
		{3DAF7D07-89B9-449A-903C-19B7E0DAEE32}.Debug|Any CPU.ActiveCfg = Debug|Any CPU
		{3DAF7D07-89B9-449A-903C-19B7E0DAEE32}.Debug|Any CPU.Build.0 = Debug|Any CPU
		{3DAF7D07-89B9-449A-903C-19B7E0DAEE32}.Release|Any CPU.ActiveCfg = Release|Any CPU
		{3DAF7D07-89B9-449A-903C-19B7E0DAEE32}.Release|Any CPU.Build.0 = Release|Any CPU
		{2E2606A7-408C-4A82-A74B-9F8790D2E00A}.Debug|Any CPU.ActiveCfg = Debug|Any CPU
		{2E2606A7-408C-4A82-A74B-9F8790D2E00A}.Debug|Any CPU.Build.0 = Debug|Any CPU
		{2E2606A7-408C-4A82-A74B-9F8790D2E00A}.Release|Any CPU.ActiveCfg = Release|Any CPU
		{2E2606A7-408C-4A82-A74B-9F8790D2E00A}.Release|Any CPU.Build.0 = Release|Any CPU
	EndGlobalSection
	GlobalSection(SolutionProperties) = preSolution
		HideSolutionNode = FALSE
	EndGlobalSection
	GlobalSection(ExtensibilityGlobals) = postSolution
		SolutionGuid = {8B1B60A6-AF40-4D10-823D-A47120291357}
	EndGlobalSection
EndGlobal
